
Microsoft Visual Studio Solution File, Format Version 12.00
# Visual Studio 15
VisualStudioVersion = 15.0.28307.960
MinimumVisualStudioVersion = 10.0.40219.1
Project("{FAE04EC0-301F-11D3-BF4B-00C04F79EFBC}") = "PPTCreationApp", "PPTCreationApp\PPTCreationApp.csproj", "{1D8A0289-D41D-440C-9BEE-F375C96A2627}"
EndProject
Global
	GlobalSection(SolutionConfigurationPlatforms) = preSolution
		Debug|Any CPU = Debug|Any CPU
		Release|Any CPU = Release|Any CPU
	EndGlobalSection
	GlobalSection(ProjectConfigurationPlatforms) = postSolution
		{1D8A0289-D41D-440C-9BEE-F375C96A2627}.Debug|Any CPU.ActiveCfg = Debug|Any CPU
		{1D8A0289-D41D-440C-9BEE-F375C96A2627}.Debug|Any CPU.Build.0 = Debug|Any CPU
		{1D8A0289-D41D-440C-9BEE-F375C96A2627}.Release|Any CPU.ActiveCfg = Release|Any CPU
		{1D8A0289-D41D-440C-9BEE-F375C96A2627}.Release|Any CPU.Build.0 = Release|Any CPU
	EndGlobalSection
	GlobalSection(SolutionProperties) = preSolution
		HideSolutionNode = FALSE
	EndGlobalSection
	GlobalSection(ExtensibilityGlobals) = postSolution
		SolutionGuid = {CBEB857F-ADEB-4FDA-A0F0-4DBDE6E4EED7}
	EndGlobalSection
EndGlobal
